// !$*UTF8*$!
{
	archiveVersion = 1;
	classes = {
	};
	objectVersion = 77;
	objects = {

/* Begin PBXBuildFile section */
		00F2919BEA5EB3BA2A3EF5A7 /* ContentView.swift in Sources */ = {isa = PBXBuildFile; fileRef = 49334065748C1158A6170B19 /* ContentView.swift */; };
		02A7499D4514E17CFFB1D400 /* BandwidthActivityAttributes.swift in Sources */ = {isa = PBXBuildFile; fileRef = 129FAB6184024478D4BDF2CB /* BandwidthActivityAttributes.swift */; };
		223AA1741A6B20E4F864A2B7 /* LiveActivityController.swift in Sources */ = {isa = PBXBuildFile; fileRef = DF23A42398F62A9C1BF5CD46 /* LiveActivityController.swift */; };
		279A8649BB3FC80053FFF2F9 /* BandwidthMonitorApp.swift in Sources */ = {isa = PBXBuildFile; fileRef = 0600D61430866A01647CA12C /* BandwidthMonitorApp.swift */; };
		479F6E9DD0CBC3E9A0D84413 /* TrafficWidgetProvider.swift in Sources */ = {isa = PBXBuildFile; fileRef = 160D9161B12F2FC113E69A0A /* TrafficWidgetProvider.swift */; };
		559D775C0FF6BEF5EC375DE7 /* AppGroup.swift in Sources */ = {isa = PBXBuildFile; fileRef = E622E5C269CC66019B98E055 /* AppGroup.swift */; };
		56E5DD946C27A34DBD422865 /* AppGroup.swift in Sources */ = {isa = PBXBuildFile; fileRef = E622E5C269CC66019B98E055 /* AppGroup.swift */; };
		6C17C05D169DF34589DCB20C /* Assets.xcassets in Resources */ = {isa = PBXBuildFile; fileRef = 8768ED223EE3703AA78447C7 /* Assets.xcassets */; };
		776B8965989E9C529BCB5190 /* BandwidthActivityAttributes.swift in Sources */ = {isa = PBXBuildFile; fileRef = 129FAB6184024478D4BDF2CB /* BandwidthActivityAttributes.swift */; };
		798468EA50CE3FF2AAA2845E /* TrafficWidgetEntry.swift in Sources */ = {isa = PBXBuildFile; fileRef = C19E80CE2325B99B43828E84 /* TrafficWidgetEntry.swift */; };
		7AB6FA247B4F198E33E194FF /* TrafficChartView.swift in Sources */ = {isa = PBXBuildFile; fileRef = 5BE6F18BE6080C1A64EF78DA /* TrafficChartView.swift */; };
		80D0F3E7F2CABA1D5FDEA1DC /* BitRateFormatter.swift in Sources */ = {isa = PBXBuildFile; fileRef = 53A69EE5E695A9424F36F1E4 /* BitRateFormatter.swift */; };
		95248B3B8810A9C35D89FB1B /* TrafficViewModel.swift in Sources */ = {isa = PBXBuildFile; fileRef = 4ACF2AD0CE1B0551A7B7440F /* TrafficViewModel.swift */; };
		9A8D87CBC8ACE09CA2B8DF7C /* InterfaceStat.swift in Sources */ = {isa = PBXBuildFile; fileRef = 505ED91D2C0BF780BA7BFC9E /* InterfaceStat.swift */; };
		9CB9DCEF352C02872D1D7DF4 /* InterfaceRowView.swift in Sources */ = {isa = PBXBuildFile; fileRef = B69E07872E12AB4027F588B8 /* InterfaceRowView.swift */; };
		9E53C8ED10A6EB86DD8A5BA3 /* WidgetSnapshot.swift in Sources */ = {isa = PBXBuildFile; fileRef = 90F2BE6F3991E98470C56CBF /* WidgetSnapshot.swift */; };
		A5C8BE902B0194C9C70C591D /* HistoryPoint.swift in Sources */ = {isa = PBXBuildFile; fileRef = D41B818C518FA4701215D5E3 /* HistoryPoint.swift */; };
		A76059FFCE8A3274A8C85819 /* BandwidthLiveActivity.swift in Sources */ = {isa = PBXBuildFile; fileRef = BC6CEC0989EC8145EC4C4954 /* BandwidthLiveActivity.swift */; };
		AABE30DCC60E821E2D471CDB /* BitRateFormatter.swift in Sources */ = {isa = PBXBuildFile; fileRef = 53A69EE5E695A9424F36F1E4 /* BitRateFormatter.swift */; };
		C7D6C5F6BE3DCB85E51A1602 /* TrafficWidgetView.swift in Sources */ = {isa = PBXBuildFile; fileRef = BF7A5AFBCD8C9D51EB7BC2A6 /* TrafficWidgetView.swift */; };
		CF55481C4454D0E8908330D7 /* TrafficWidget.swift in Sources */ = {isa = PBXBuildFile; fileRef = C8E939948010D3FAD512E0CC /* TrafficWidget.swift */; };
		D06A66B8CD01F6367856B5DF /* APIClient.swift in Sources */ = {isa = PBXBuildFile; fileRef = DB21AD777356E0FB8977E3C8 /* APIClient.swift */; };
		DB5D907116774FC5F329B62D /* BandwidthMonitorWidgetExtension.appex in Embed Foundation Extensions */ = {isa = PBXBuildFile; fileRef = 5E2FEF1CEAEE2E15DDB7AD4A /* BandwidthMonitorWidgetExtension.appex */; settings = {ATTRIBUTES = (RemoveHeadersOnCopy, ); }; };
		DCCDA3FE01BEF3773D24A050 /* WidgetSnapshot.swift in Sources */ = {isa = PBXBuildFile; fileRef = 90F2BE6F3991E98470C56CBF /* WidgetSnapshot.swift */; };
		DE48FC8BA8CF62E0E8CA9B52 /* APIClient.swift in Sources */ = {isa = PBXBuildFile; fileRef = DB21AD777356E0FB8977E3C8 /* APIClient.swift */; };
		DF146B3DDE94388AFE1D7942 /* InterfaceStat.swift in Sources */ = {isa = PBXBuildFile; fileRef = 505ED91D2C0BF780BA7BFC9E /* InterfaceStat.swift */; };
		DF31782CE503430F8F8BF1A1 /* SettingsView.swift in Sources */ = {isa = PBXBuildFile; fileRef = C1521E83C5877E217D289214 /* SettingsView.swift */; };
		EB8171A9171AAA57FF8D27F2 /* BandwidthMonitorWidgetBundle.swift in Sources */ = {isa = PBXBuildFile; fileRef = BD9296780A7389B7812E950F /* BandwidthMonitorWidgetBundle.swift */; };
		F4F00FEE22135281BD9686F3 /* HistoryPoint.swift in Sources */ = {isa = PBXBuildFile; fileRef = D41B818C518FA4701215D5E3 /* HistoryPoint.swift */; };
/* End PBXBuildFile section */

/* Begin PBXContainerItemProxy section */
		C0D3FB7BA2BBBBFA16676BE6 /* PBXContainerItemProxy */ = {
			isa = PBXContainerItemProxy;
			containerPortal = 1D09C42502736A8FD71573AC /* Project object */;
			proxyType = 1;
			remoteGlobalIDString = 199E90EBDA0B38BE832E5E52;
			remoteInfo = BandwidthMonitorWidgetExtension;
		};
/* End PBXContainerItemProxy section */

/* Begin PBXCopyFilesBuildPhase section */
		1B4E29BA341521577F50FB6E /* Embed Foundation Extensions */ = {
			isa = PBXCopyFilesBuildPhase;
			buildActionMask = 2147483647;
			dstPath = "";
			dstSubfolderSpec = 13;
			files = (
				DB5D907116774FC5F329B62D /* BandwidthMonitorWidgetExtension.appex in Embed Foundation Extensions */,
			);
			name = "Embed Foundation Extensions";
			runOnlyForDeploymentPostprocessing = 0;
		};
/* End PBXCopyFilesBuildPhase section */

/* Begin PBXFileReference section */
		0600D61430866A01647CA12C /* BandwidthMonitorApp.swift */ = {isa = PBXFileReference; lastKnownFileType = sourcecode.swift; path = BandwidthMonitorApp.swift; sourceTree = "<group>"; };
		08F6524CEFC07CB022CCFE99 /* BandwidthMonitorWidget.entitlements */ = {isa = PBXFileReference; lastKnownFileType = text.plist.entitlements; path = BandwidthMonitorWidget.entitlements; sourceTree = "<group>"; };
		0C56D8BB31352FE7628FB74B /* BandwidthMonitor.app */ = {isa = PBXFileReference; includeInIndex = 0; lastKnownFileType = wrapper.application; path = BandwidthMonitor.app; sourceTree = BUILT_PRODUCTS_DIR; };
		129FAB6184024478D4BDF2CB /* BandwidthActivityAttributes.swift */ = {isa = PBXFileReference; lastKnownFileType = sourcecode.swift; path = BandwidthActivityAttributes.swift; sourceTree = "<group>"; };
		160D9161B12F2FC113E69A0A /* TrafficWidgetProvider.swift */ = {isa = PBXFileReference; lastKnownFileType = sourcecode.swift; path = TrafficWidgetProvider.swift; sourceTree = "<group>"; };
		49334065748C1158A6170B19 /* ContentView.swift */ = {isa = PBXFileReference; lastKnownFileType = sourcecode.swift; path = ContentView.swift; sourceTree = "<group>"; };
		4ACF2AD0CE1B0551A7B7440F /* TrafficViewModel.swift */ = {isa = PBXFileReference; lastKnownFileType = sourcecode.swift; path = TrafficViewModel.swift; sourceTree = "<group>"; };
		4F508350C548621FA369219F /* Info.plist */ = {isa = PBXFileReference; lastKnownFileType = text.plist; path = Info.plist; sourceTree = "<group>"; };
		505ED91D2C0BF780BA7BFC9E /* InterfaceStat.swift */ = {isa = PBXFileReference; lastKnownFileType = sourcecode.swift; path = InterfaceStat.swift; sourceTree = "<group>"; };
		53A69EE5E695A9424F36F1E4 /* BitRateFormatter.swift */ = {isa = PBXFileReference; lastKnownFileType = sourcecode.swift; path = BitRateFormatter.swift; sourceTree = "<group>"; };
		5BE6F18BE6080C1A64EF78DA /* TrafficChartView.swift */ = {isa = PBXFileReference; lastKnownFileType = sourcecode.swift; path = TrafficChartView.swift; sourceTree = "<group>"; };
		5E2FEF1CEAEE2E15DDB7AD4A /* BandwidthMonitorWidgetExtension.appex */ = {isa = PBXFileReference; includeInIndex = 0; lastKnownFileType = "wrapper.app-extension"; path = BandwidthMonitorWidgetExtension.appex; sourceTree = BUILT_PRODUCTS_DIR; };
		7072ECA56E71F95F511DC463 /* BandwidthMonitor.entitlements */ = {isa = PBXFileReference; lastKnownFileType = text.plist.entitlements; path = BandwidthMonitor.entitlements; sourceTree = "<group>"; };
		79FED34CB681E23AEB57F638 /* Info.plist */ = {isa = PBXFileReference; lastKnownFileType = text.plist; path = Info.plist; sourceTree = "<group>"; };
		8768ED223EE3703AA78447C7 /* Assets.xcassets */ = {isa = PBXFileReference; lastKnownFileType = folder.assetcatalog; path = Assets.xcassets; sourceTree = "<group>"; };
		90F2BE6F3991E98470C56CBF /* WidgetSnapshot.swift */ = {isa = PBXFileReference; lastKnownFileType = sourcecode.swift; path = WidgetSnapshot.swift; sourceTree = "<group>"; };
		B69E07872E12AB4027F588B8 /* InterfaceRowView.swift */ = {isa = PBXFileReference; lastKnownFileType = sourcecode.swift; path = InterfaceRowView.swift; sourceTree = "<group>"; };
		BC6CEC0989EC8145EC4C4954 /* BandwidthLiveActivity.swift */ = {isa = PBXFileReference; lastKnownFileType = sourcecode.swift; path = BandwidthLiveActivity.swift; sourceTree = "<group>"; };
		BD9296780A7389B7812E950F /* BandwidthMonitorWidgetBundle.swift */ = {isa = PBXFileReference; lastKnownFileType = sourcecode.swift; path = BandwidthMonitorWidgetBundle.swift; sourceTree = "<group>"; };
		BF7A5AFBCD8C9D51EB7BC2A6 /* TrafficWidgetView.swift */ = {isa = PBXFileReference; lastKnownFileType = sourcecode.swift; path = TrafficWidgetView.swift; sourceTree = "<group>"; };
		C1521E83C5877E217D289214 /* SettingsView.swift */ = {isa = PBXFileReference; lastKnownFileType = sourcecode.swift; path = SettingsView.swift; sourceTree = "<group>"; };
		C19E80CE2325B99B43828E84 /* TrafficWidgetEntry.swift */ = {isa = PBXFileReference; lastKnownFileType = sourcecode.swift; path = TrafficWidgetEntry.swift; sourceTree = "<group>"; };
		C8E939948010D3FAD512E0CC /* TrafficWidget.swift */ = {isa = PBXFileReference; lastKnownFileType = sourcecode.swift; path = TrafficWidget.swift; sourceTree = "<group>"; };
		D41B818C518FA4701215D5E3 /* HistoryPoint.swift */ = {isa = PBXFileReference; lastKnownFileType = sourcecode.swift; path = HistoryPoint.swift; sourceTree = "<group>"; };
		DB21AD777356E0FB8977E3C8 /* APIClient.swift */ = {isa = PBXFileReference; lastKnownFileType = sourcecode.swift; path = APIClient.swift; sourceTree = "<group>"; };
		DF23A42398F62A9C1BF5CD46 /* LiveActivityController.swift */ = {isa = PBXFileReference; lastKnownFileType = sourcecode.swift; path = LiveActivityController.swift; sourceTree = "<group>"; };
		E622E5C269CC66019B98E055 /* AppGroup.swift */ = {isa = PBXFileReference; lastKnownFileType = sourcecode.swift; path = AppGroup.swift; sourceTree = "<group>"; };
/* End PBXFileReference section */

/* Begin PBXGroup section */
		06B8AF16B9281B4EF7C4DBB8 /* Views */ = {
			isa = PBXGroup;
			children = (
				49334065748C1158A6170B19 /* ContentView.swift */,
				B69E07872E12AB4027F588B8 /* InterfaceRowView.swift */,
				C1521E83C5877E217D289214 /* SettingsView.swift */,
				5BE6F18BE6080C1A64EF78DA /* TrafficChartView.swift */,
			);
			path = Views;
			sourceTree = "<group>";
		};
		0EC3240D7584A9A45005D590 /* BandwidthMonitor */ = {
			isa = PBXGroup;
			children = (
				8768ED223EE3703AA78447C7 /* Assets.xcassets */,
				7072ECA56E71F95F511DC463 /* BandwidthMonitor.entitlements */,
				4F508350C548621FA369219F /* Info.plist */,
				96300D1FC2A6E629B01FD84D /* App */,
				8ACADF75B6095429C910DC1C /* Services */,
				B535CBE5AA2B07C48582AAE0 /* Shared */,
				F2AE853155DD05426CEBC5FB /* ViewModels */,
				06B8AF16B9281B4EF7C4DBB8 /* Views */,
			);
			path = BandwidthMonitor;
			sourceTree = "<group>";
		};
		172AEDB550E8201BFF5D4AD3 /* Settings */ = {
			isa = PBXGroup;
			children = (
				E622E5C269CC66019B98E055 /* AppGroup.swift */,
			);
			path = Settings;
			sourceTree = "<group>";
		};
		182DC50C5A27D1F0FD6E9329 /* Utilities */ = {
			isa = PBXGroup;
			children = (
				53A69EE5E695A9424F36F1E4 /* BitRateFormatter.swift */,
			);
			path = Utilities;
			sourceTree = "<group>";
		};
		34A335DF49A5221F509D5E0F /* LiveActivity */ = {
			isa = PBXGroup;
			children = (
				129FAB6184024478D4BDF2CB /* BandwidthActivityAttributes.swift */,
			);
			path = LiveActivity;
			sourceTree = "<group>";
		};
		6AB62C61212ADB68779DD9B4 /* Models */ = {
			isa = PBXGroup;
			children = (
				D41B818C518FA4701215D5E3 /* HistoryPoint.swift */,
				505ED91D2C0BF780BA7BFC9E /* InterfaceStat.swift */,
				90F2BE6F3991E98470C56CBF /* WidgetSnapshot.swift */,
			);
			path = Models;
			sourceTree = "<group>";
		};
		771F2E94CF8CA859BCBE611C = {
			isa = PBXGroup;
			children = (
				0EC3240D7584A9A45005D590 /* BandwidthMonitor */,
				F2FF84128C41E4A1E83E7A35 /* BandwidthMonitorWidget */,
				D11160709C7FEAE15FA83B44 /* Products */,
			);
			sourceTree = "<group>";
		};
		8ACADF75B6095429C910DC1C /* Services */ = {
			isa = PBXGroup;
			children = (
				DF23A42398F62A9C1BF5CD46 /* LiveActivityController.swift */,
			);
			path = Services;
			sourceTree = "<group>";
		};
		96300D1FC2A6E629B01FD84D /* App */ = {
			isa = PBXGroup;
			children = (
				0600D61430866A01647CA12C /* BandwidthMonitorApp.swift */,
			);
			path = App;
			sourceTree = "<group>";
		};
		9930465C0B2C5D097023A1D7 /* Networking */ = {
			isa = PBXGroup;
			children = (
				DB21AD777356E0FB8977E3C8 /* APIClient.swift */,
			);
			path = Networking;
			sourceTree = "<group>";
		};
		B535CBE5AA2B07C48582AAE0 /* Shared */ = {
			isa = PBXGroup;
			children = (
				34A335DF49A5221F509D5E0F /* LiveActivity */,
				6AB62C61212ADB68779DD9B4 /* Models */,
				9930465C0B2C5D097023A1D7 /* Networking */,
				172AEDB550E8201BFF5D4AD3 /* Settings */,
				182DC50C5A27D1F0FD6E9329 /* Utilities */,
			);
			path = Shared;
			sourceTree = "<group>";
		};
		D11160709C7FEAE15FA83B44 /* Products */ = {
			isa = PBXGroup;
			children = (
				0C56D8BB31352FE7628FB74B /* BandwidthMonitor.app */,
				5E2FEF1CEAEE2E15DDB7AD4A /* BandwidthMonitorWidgetExtension.appex */,
			);
			name = Products;
			sourceTree = "<group>";
		};
		F2AE853155DD05426CEBC5FB /* ViewModels */ = {
			isa = PBXGroup;
			children = (
				4ACF2AD0CE1B0551A7B7440F /* TrafficViewModel.swift */,
			);
			path = ViewModels;
			sourceTree = "<group>";
		};
		F2FF84128C41E4A1E83E7A35 /* BandwidthMonitorWidget */ = {
			isa = PBXGroup;
			children = (
				BC6CEC0989EC8145EC4C4954 /* BandwidthLiveActivity.swift */,
				08F6524CEFC07CB022CCFE99 /* BandwidthMonitorWidget.entitlements */,
				BD9296780A7389B7812E950F /* BandwidthMonitorWidgetBundle.swift */,
				79FED34CB681E23AEB57F638 /* Info.plist */,
				C8E939948010D3FAD512E0CC /* TrafficWidget.swift */,
				C19E80CE2325B99B43828E84 /* TrafficWidgetEntry.swift */,
				160D9161B12F2FC113E69A0A /* TrafficWidgetProvider.swift */,
				BF7A5AFBCD8C9D51EB7BC2A6 /* TrafficWidgetView.swift */,
			);
			path = BandwidthMonitorWidget;
			sourceTree = "<group>";
		};
/* End PBXGroup section */

/* Begin PBXNativeTarget section */
		199E90EBDA0B38BE832E5E52 /* BandwidthMonitorWidgetExtension */ = {
			isa = PBXNativeTarget;
			buildConfigurationList = 6E0AC69C7ECF8DD16AB873E1 /* Build configuration list for PBXNativeTarget "BandwidthMonitorWidgetExtension" */;
			buildPhases = (
				9C21B3E8286A4A1D2EDE9715 /* Sources */,
			);
			buildRules = (
			);
			dependencies = (
			);
			name = BandwidthMonitorWidgetExtension;
			packageProductDependencies = (
			);
			productName = BandwidthMonitorWidgetExtension;
			productReference = 5E2FEF1CEAEE2E15DDB7AD4A /* BandwidthMonitorWidgetExtension.appex */;
			productType = "com.apple.product-type.app-extension";
		};
		B37F0F8AEA25CA579D45B435 /* BandwidthMonitor */ = {
			isa = PBXNativeTarget;
			buildConfigurationList = DF25D2A429C7D1FAF92447B4 /* Build configuration list for PBXNativeTarget "BandwidthMonitor" */;
			buildPhases = (
				1FFC159CB6642A29A2E64E7B /* Sources */,
				7885ADC82C5C9407A2F3674D /* Resources */,
				1B4E29BA341521577F50FB6E /* Embed Foundation Extensions */,
			);
			buildRules = (
			);
			dependencies = (
				CA8D560A889AE3C8983CD6B9 /* PBXTargetDependency */,
			);
			name = BandwidthMonitor;
			packageProductDependencies = (
			);
			productName = BandwidthMonitor;
			productReference = 0C56D8BB31352FE7628FB74B /* BandwidthMonitor.app */;
			productType = "com.apple.product-type.application";
		};
/* End PBXNativeTarget section */

/* Begin PBXProject section */
		1D09C42502736A8FD71573AC /* Project object */ = {
			isa = PBXProject;
			attributes = {
				BuildIndependentTargetsInParallel = YES;
				LastUpgradeCheck = 1430;
				TargetAttributes = {
					199E90EBDA0B38BE832E5E52 = {
						DevelopmentTeam = SA2SS4242K;
						ProvisioningStyle = Automatic;
					};
					B37F0F8AEA25CA579D45B435 = {
						DevelopmentTeam = SA2SS4242K;
						ProvisioningStyle = Automatic;
					};
				};
			};
			buildConfigurationList = 82F52860500AEF5EE4FE8AA9 /* Build configuration list for PBXProject "BandwidthMonitor" */;
			developmentRegion = en;
			hasScannedForEncodings = 0;
			knownRegions = (
				Base,
				en,
			);
			mainGroup = 771F2E94CF8CA859BCBE611C;
			minimizedProjectReferenceProxies = 1;
			preferredProjectObjectVersion = 77;
			productRefGroup = D11160709C7FEAE15FA83B44 /* Products */;
			projectDirPath = "";
			projectRoot = "";
			targets = (
				B37F0F8AEA25CA579D45B435 /* BandwidthMonitor */,
				199E90EBDA0B38BE832E5E52 /* BandwidthMonitorWidgetExtension */,
			);
		};
/* End PBXProject section */

/* Begin PBXResourcesBuildPhase section */
		7885ADC82C5C9407A2F3674D /* Resources */ = {
			isa = PBXResourcesBuildPhase;
			buildActionMask = 2147483647;
			files = (
				6C17C05D169DF34589DCB20C /* Assets.xcassets in Resources */,
			);
			runOnlyForDeploymentPostprocessing = 0;
		};
/* End PBXResourcesBuildPhase section */

/* Begin PBXSourcesBuildPhase section */
		1FFC159CB6642A29A2E64E7B /* Sources */ = {
			isa = PBXSourcesBuildPhase;
			buildActionMask = 2147483647;
			files = (
				D06A66B8CD01F6367856B5DF /* APIClient.swift in Sources */,
				559D775C0FF6BEF5EC375DE7 /* AppGroup.swift in Sources */,
				02A7499D4514E17CFFB1D400 /* BandwidthActivityAttributes.swift in Sources */,
				279A8649BB3FC80053FFF2F9 /* BandwidthMonitorApp.swift in Sources */,
				80D0F3E7F2CABA1D5FDEA1DC /* BitRateFormatter.swift in Sources */,
				00F2919BEA5EB3BA2A3EF5A7 /* ContentView.swift in Sources */,
				F4F00FEE22135281BD9686F3 /* HistoryPoint.swift in Sources */,
				9CB9DCEF352C02872D1D7DF4 /* InterfaceRowView.swift in Sources */,
				9A8D87CBC8ACE09CA2B8DF7C /* InterfaceStat.swift in Sources */,
				223AA1741A6B20E4F864A2B7 /* LiveActivityController.swift in Sources */,
				DF31782CE503430F8F8BF1A1 /* SettingsView.swift in Sources */,
				7AB6FA247B4F198E33E194FF /* TrafficChartView.swift in Sources */,
				95248B3B8810A9C35D89FB1B /* TrafficViewModel.swift in Sources */,
				9E53C8ED10A6EB86DD8A5BA3 /* WidgetSnapshot.swift in Sources */,
			);
			runOnlyForDeploymentPostprocessing = 0;
		};
		9C21B3E8286A4A1D2EDE9715 /* Sources */ = {
			isa = PBXSourcesBuildPhase;
			buildActionMask = 2147483647;
			files = (
				DE48FC8BA8CF62E0E8CA9B52 /* APIClient.swift in Sources */,
				56E5DD946C27A34DBD422865 /* AppGroup.swift in Sources */,
				776B8965989E9C529BCB5190 /* BandwidthActivityAttributes.swift in Sources */,
				A76059FFCE8A3274A8C85819 /* BandwidthLiveActivity.swift in Sources */,
				EB8171A9171AAA57FF8D27F2 /* BandwidthMonitorWidgetBundle.swift in Sources */,
				AABE30DCC60E821E2D471CDB /* BitRateFormatter.swift in Sources */,
				A5C8BE902B0194C9C70C591D /* HistoryPoint.swift in Sources */,
				DF146B3DDE94388AFE1D7942 /* InterfaceStat.swift in Sources */,
				CF55481C4454D0E8908330D7 /* TrafficWidget.swift in Sources */,
				798468EA50CE3FF2AAA2845E /* TrafficWidgetEntry.swift in Sources */,
				479F6E9DD0CBC3E9A0D84413 /* TrafficWidgetProvider.swift in Sources */,
				C7D6C5F6BE3DCB85E51A1602 /* TrafficWidgetView.swift in Sources */,
				DCCDA3FE01BEF3773D24A050 /* WidgetSnapshot.swift in Sources */,
			);
			runOnlyForDeploymentPostprocessing = 0;
		};
/* End PBXSourcesBuildPhase section */

/* Begin PBXTargetDependency section */
		CA8D560A889AE3C8983CD6B9 /* PBXTargetDependency */ = {
			isa = PBXTargetDependency;
			target = 199E90EBDA0B38BE832E5E52 /* BandwidthMonitorWidgetExtension */;
			targetProxy = C0D3FB7BA2BBBBFA16676BE6 /* PBXContainerItemProxy */;
		};
/* End PBXTargetDependency section */

/* Begin XCBuildConfiguration section */
		1353901C28EE1129D632506A /* Release */ = {
			isa = XCBuildConfiguration;
			buildSettings = {
				CODE_SIGN_ENTITLEMENTS = BandwidthMonitorWidget/BandwidthMonitorWidget.entitlements;
				INFOPLIST_FILE = BandwidthMonitorWidget/Info.plist;
				LD_RUNPATH_SEARCH_PATHS = (
					"$(inherited)",
					"@executable_path/Frameworks",
					"@executable_path/../../Frameworks",
				);
				PRODUCT_BUNDLE_IDENTIFIER = com.evilforbeginners.BandwidthMonitor.TrafficWidget;
				SDKROOT = iphoneos;
				TARGETED_DEVICE_FAMILY = 1;
			};
			name = Release;
		};
		5E5027B48DF33761FAA269EB /* Debug */ = {
			isa = XCBuildConfiguration;
			buildSettings = {
				ALWAYS_SEARCH_USER_PATHS = NO;
				CLANG_ANALYZER_NONNULL = YES;
				CLANG_ANALYZER_NUMBER_OBJECT_CONVERSION = YES_AGGRESSIVE;
				CLANG_CXX_LANGUAGE_STANDARD = "gnu++14";
				CLANG_CXX_LIBRARY = "libc++";
				CLANG_ENABLE_MODULES = YES;
				CLANG_ENABLE_OBJC_ARC = YES;
				CLANG_ENABLE_OBJC_WEAK = YES;
				CLANG_WARN_BLOCK_CAPTURE_AUTORELEASING = YES;
				CLANG_WARN_BOOL_CONVERSION = YES;
				CLANG_WARN_COMMA = YES;
				CLANG_WARN_CONSTANT_CONVERSION = YES;
				CLANG_WARN_DEPRECATED_OBJC_IMPLEMENTATIONS = YES;
				CLANG_WARN_DIRECT_OBJC_ISA_USAGE = YES_ERROR;
				CLANG_WARN_DOCUMENTATION_COMMENTS = YES;
				CLANG_WARN_EMPTY_BODY = YES;
				CLANG_WARN_ENUM_CONVERSION = YES;
				CLANG_WARN_INFINITE_RECURSION = YES;
				CLANG_WARN_INT_CONVERSION = YES;
				CLANG_WARN_NON_LITERAL_NULL_CONVERSION = YES;
				CLANG_WARN_OBJC_IMPLICIT_RETAIN_SELF = YES;
				CLANG_WARN_OBJC_LITERAL_CONVERSION = YES;
				CLANG_WARN_OBJC_ROOT_CLASS = YES_ERROR;
				CLANG_WARN_QUOTED_INCLUDE_IN_FRAMEWORK_HEADER = YES;
				CLANG_WARN_RANGE_LOOP_ANALYSIS = YES;
				CLANG_WARN_STRICT_PROTOTYPES = YES;
				CLANG_WARN_SUSPICIOUS_MOVE = YES;
				CLANG_WARN_UNGUARDED_AVAILABILITY = YES_AGGRESSIVE;
				CLANG_WARN_UNREACHABLE_CODE = YES;
				CLANG_WARN__DUPLICATE_METHOD_MATCH = YES;
				CODE_SIGN_STYLE = Automatic;
				COPY_PHASE_STRIP = NO;
				CURRENT_PROJECT_VERSION = 3;
				DEBUG_INFORMATION_FORMAT = dwarf;
				DEVELOPMENT_TEAM = SA2SS4242K;
				ENABLE_STRICT_OBJC_MSGSEND = YES;
				ENABLE_TESTABILITY = YES;
				GCC_C_LANGUAGE_STANDARD = gnu11;
				GCC_DYNAMIC_NO_PIC = NO;
				GCC_NO_COMMON_BLOCKS = YES;
				GCC_OPTIMIZATION_LEVEL = 0;
				GCC_PREPROCESSOR_DEFINITIONS = (
					"$(inherited)",
					"DEBUG=1",
				);
				GCC_WARN_64_TO_32_BIT_CONVERSION = YES;
				GCC_WARN_ABOUT_RETURN_TYPE = YES_ERROR;
				GCC_WARN_UNDECLARED_SELECTOR = YES;
				GCC_WARN_UNINITIALIZED_AUTOS = YES_AGGRESSIVE;
				GCC_WARN_UNUSED_FUNCTION = YES;
				GCC_WARN_UNUSED_VARIABLE = YES;
				IPHONEOS_DEPLOYMENT_TARGET = 17.0;
				MARKETING_VERSION = 0.9.0;
				MTL_ENABLE_DEBUG_INFO = INCLUDE_SOURCE;
				MTL_FAST_MATH = YES;
				ONLY_ACTIVE_ARCH = YES;
				PRODUCT_NAME = "$(TARGET_NAME)";
				SDKROOT = iphoneos;
				SWIFT_ACTIVE_COMPILATION_CONDITIONS = DEBUG;
				SWIFT_OPTIMIZATION_LEVEL = "-Onone";
				SWIFT_VERSION = 5.0;
			};
			name = Debug;
		};
		7D7CAAD85936F9829ADB8374 /* Debug */ = {
			isa = XCBuildConfiguration;
			buildSettings = {
				ASSETCATALOG_COMPILER_APPICON_NAME = AppIcon;
				ASSETCATALOG_COMPILER_GLOBAL_ACCENT_COLOR_NAME = AccentColor;
				CODE_SIGN_ENTITLEMENTS = BandwidthMonitor/BandwidthMonitor.entitlements;
				CODE_SIGN_IDENTITY = "iPhone Developer";
				INFOPLIST_FILE = BandwidthMonitor/Info.plist;
				LD_RUNPATH_SEARCH_PATHS = (
					"$(inherited)",
					"@executable_path/Frameworks",
				);
				PRODUCT_BUNDLE_IDENTIFIER = com.evilforbeginners.BandwidthMonitor;
				SDKROOT = iphoneos;
				TARGETED_DEVICE_FAMILY = 1;
			};
			name = Debug;
		};
		93B7B902CA92B97301CDF887 /* Release */ = {
			isa = XCBuildConfiguration;
			buildSettings = {
				ASSETCATALOG_COMPILER_APPICON_NAME = AppIcon;
				ASSETCATALOG_COMPILER_GLOBAL_ACCENT_COLOR_NAME = AccentColor;
				CODE_SIGN_ENTITLEMENTS = BandwidthMonitor/BandwidthMonitor.entitlements;
				CODE_SIGN_IDENTITY = "iPhone Developer";
				INFOPLIST_FILE = BandwidthMonitor/Info.plist;
				LD_RUNPATH_SEARCH_PATHS = (
					"$(inherited)",
					"@executable_path/Frameworks",
				);
				PRODUCT_BUNDLE_IDENTIFIER = com.evilforbeginners.BandwidthMonitor;
				SDKROOT = iphoneos;
				TARGETED_DEVICE_FAMILY = 1;
			};
			name = Release;
		};
		A6578A505095405E1DBC5136 /* Debug */ = {
			isa = XCBuildConfiguration;
			buildSettings = {
				CODE_SIGN_ENTITLEMENTS = BandwidthMonitorWidget/BandwidthMonitorWidget.entitlements;
				INFOPLIST_FILE = BandwidthMonitorWidget/Info.plist;
				LD_RUNPATH_SEARCH_PATHS = (
					"$(inherited)",
					"@executable_path/Frameworks",
					"@executable_path/../../Frameworks",
				);
				PRODUCT_BUNDLE_IDENTIFIER = com.evilforbeginners.BandwidthMonitor.TrafficWidget;
				SDKROOT = iphoneos;
				TARGETED_DEVICE_FAMILY = 1;
			};
			name = Debug;
		};
		DFD14D8652A944BCB92CA4C7 /* Release */ = {
			isa = XCBuildConfiguration;
			buildSettings = {
				ALWAYS_SEARCH_USER_PATHS = NO;
				CLANG_ANALYZER_NONNULL = YES;
				CLANG_ANALYZER_NUMBER_OBJECT_CONVERSION = YES_AGGRESSIVE;
				CLANG_CXX_LANGUAGE_STANDARD = "gnu++14";
				CLANG_CXX_LIBRARY = "libc++";
				CLANG_ENABLE_MODULES = YES;
				CLANG_ENABLE_OBJC_ARC = YES;
				CLANG_ENABLE_OBJC_WEAK = YES;
				CLANG_WARN_BLOCK_CAPTURE_AUTORELEASING = YES;
				CLANG_WARN_BOOL_CONVERSION = YES;
				CLANG_WARN_COMMA = YES;
				CLANG_WARN_CONSTANT_CONVERSION = YES;
				CLANG_WARN_DEPRECATED_OBJC_IMPLEMENTATIONS = YES;
				CLANG_WARN_DIRECT_OBJC_ISA_USAGE = YES_ERROR;
				CLANG_WARN_DOCUMENTATION_COMMENTS = YES;
				CLANG_WARN_EMPTY_BODY = YES;
				CLANG_WARN_ENUM_CONVERSION = YES;
				CLANG_WARN_INFINITE_RECURSION = YES;
				CLANG_WARN_INT_CONVERSION = YES;
				CLANG_WARN_NON_LITERAL_NULL_CONVERSION = YES;
				CLANG_WARN_OBJC_IMPLICIT_RETAIN_SELF = YES;
				CLANG_WARN_OBJC_LITERAL_CONVERSION = YES;
				CLANG_WARN_OBJC_ROOT_CLASS = YES_ERROR;
				CLANG_WARN_QUOTED_INCLUDE_IN_FRAMEWORK_HEADER = YES;
				CLANG_WARN_RANGE_LOOP_ANALYSIS = YES;
				CLANG_WARN_STRICT_PROTOTYPES = YES;
				CLANG_WARN_SUSPICIOUS_MOVE = YES;
				CLANG_WARN_UNGUARDED_AVAILABILITY = YES_AGGRESSIVE;
				CLANG_WARN_UNREACHABLE_CODE = YES;
				CLANG_WARN__DUPLICATE_METHOD_MATCH = YES;
				CODE_SIGN_STYLE = Automatic;
				COPY_PHASE_STRIP = NO;
				CURRENT_PROJECT_VERSION = 3;
				DEBUG_INFORMATION_FORMAT = "dwarf-with-dsym";
				DEVELOPMENT_TEAM = SA2SS4242K;
				ENABLE_NS_ASSERTIONS = NO;
				ENABLE_STRICT_OBJC_MSGSEND = YES;
				GCC_C_LANGUAGE_STANDARD = gnu11;
				GCC_NO_COMMON_BLOCKS = YES;
				GCC_WARN_64_TO_32_BIT_CONVERSION = YES;
				GCC_WARN_ABOUT_RETURN_TYPE = YES_ERROR;
				GCC_WARN_UNDECLARED_SELECTOR = YES;
				GCC_WARN_UNINITIALIZED_AUTOS = YES_AGGRESSIVE;
				GCC_WARN_UNUSED_FUNCTION = YES;
				GCC_WARN_UNUSED_VARIABLE = YES;
				IPHONEOS_DEPLOYMENT_TARGET = 17.0;
				MARKETING_VERSION = 0.9.0;
				MTL_ENABLE_DEBUG_INFO = NO;
				MTL_FAST_MATH = YES;
				PRODUCT_NAME = "$(TARGET_NAME)";
				SDKROOT = iphoneos;
				SWIFT_COMPILATION_MODE = wholemodule;
				SWIFT_OPTIMIZATION_LEVEL = "-O";
				SWIFT_VERSION = 5.0;
			};
			name = Release;
		};
/* End XCBuildConfiguration section */

/* Begin XCConfigurationList section */
		6E0AC69C7ECF8DD16AB873E1 /* Build configuration list for PBXNativeTarget "BandwidthMonitorWidgetExtension" */ = {
			isa = XCConfigurationList;
			buildConfigurations = (
				A6578A505095405E1DBC5136 /* Debug */,
				1353901C28EE1129D632506A /* Release */,
			);
			defaultConfigurationIsVisible = 0;
			defaultConfigurationName = Debug;
		};
		82F52860500AEF5EE4FE8AA9 /* Build configuration list for PBXProject "BandwidthMonitor" */ = {
			isa = XCConfigurationList;
			buildConfigurations = (
				5E5027B48DF33761FAA269EB /* Debug */,
				DFD14D8652A944BCB92CA4C7 /* Release */,
			);
			defaultConfigurationIsVisible = 0;
			defaultConfigurationName = Debug;
		};
		DF25D2A429C7D1FAF92447B4 /* Build configuration list for PBXNativeTarget "BandwidthMonitor" */ = {
			isa = XCConfigurationList;
			buildConfigurations = (
				7D7CAAD85936F9829ADB8374 /* Debug */,
				93B7B902CA92B97301CDF887 /* Release */,
			);
			defaultConfigurationIsVisible = 0;
			defaultConfigurationName = Debug;
		};
/* End XCConfigurationList section */
	};
	rootObject = 1D09C42502736A8FD71573AC /* Project object */;
}
